PODS:
  - Alamofire (5.6.4)
  - AlamofireImage (4.2.0):
    - Alamofire (~> 5.4)
  - Realm (10.37.0):
    - Realm/Headers (= 10.37.0)
  - Realm/Headers (10.37.0)
  - RealmSwift (10.37.0):
    - Realm (= 10.37.0)
  - STTabbar (0.1.0)

DEPENDENCIES:
  - Alamofire
  - AlamofireImage
  - RealmSwift
  - STTabbar

SPEC REPOS:
  https://github.com/CocoaPods/Specs.git:
    - Alamofire
    - AlamofireImage
    - Realm
    - RealmSwift
    - STTabbar

SPEC CHECKSUMS:
  Alamofire: 4e95d97098eacb88856099c4fc79b526a299e48c
  AlamofireImage: 34a2d90b0e5fe6a5605f85ae4b7b01e784c60192
  Realm: 9c5fc6f8f5cb70b299f2e3064d2b9f6cb0f1523d
  RealmSwift: 7be7bb45911c16400dd1bfce3a01764ecb4cae7a
  STTabbar: fe93da755010233b348b2d0147c43bb1bef290fa

PODFILE CHECKSUM: d3e9b4998ecfc882ff8032d7d920ac896a215ecc

COCOAPODS: 1.11.3
