// !$*UTF8*$!
{
	archiveVersion = 1;
	classes = {
	};
	objectVersion = 56;
	objects = {

/* Begin PBXBuildFile section */
		5F09878429DB8BE400BC68FD /* AppDelegate.swift in Sources */ = {isa = PBXBuildFile; fileRef = 5F09878329DB8BE400BC68FD /* AppDelegate.swift */; };
		5F09878629DB8BE400BC68FD /* SceneDelegate.swift in Sources */ = {isa = PBXBuildFile; fileRef = 5F09878529DB8BE400BC68FD /* SceneDelegate.swift */; };
		5F09878829DB8BE400BC68FD /* ViewController.swift in Sources */ = {isa = PBXBuildFile; fileRef = 5F09878729DB8BE400BC68FD /* ViewController.swift */; };
		5F09878B29DB8BE400BC68FD /* Main.storyboard in Resources */ = {isa = PBXBuildFile; fileRef = 5F09878929DB8BE400BC68FD /* Main.storyboard */; };
		5F09878E29DB8BE400BC68FD /* IChef.xcdatamodeld in Sources */ = {isa = PBXBuildFile; fileRef = 5F09878C29DB8BE400BC68FD /* IChef.xcdatamodeld */; };
		5F09879029DB8BE500BC68FD /* Assets.xcassets in Resources */ = {isa = PBXBuildFile; fileRef = 5F09878F29DB8BE500BC68FD /* Assets.xcassets */; };
		5F09879329DB8BE500BC68FD /* LaunchScreen.storyboard in Resources */ = {isa = PBXBuildFile; fileRef = 5F09879129DB8BE500BC68FD /* LaunchScreen.storyboard */; };
		5F09879E29DB8BE600BC68FD /* IChefTests.swift in Sources */ = {isa = PBXBuildFile; fileRef = 5F09879D29DB8BE600BC68FD /* IChefTests.swift */; };
		5F0987A829DB8BE600BC68FD /* IChefUITests.swift in Sources */ = {isa = PBXBuildFile; fileRef = 5F0987A729DB8BE600BC68FD /* IChefUITests.swift */; };
		5F0987AA29DB8BE600BC68FD /* IChefUITestsLaunchTests.swift in Sources */ = {isa = PBXBuildFile; fileRef = 5F0987A929DB8BE600BC68FD /* IChefUITestsLaunchTests.swift */; };
		5F0987BD29DB98C400BC68FD /* NSViewExtensions.swift in Sources */ = {isa = PBXBuildFile; fileRef = 5F0987BC29DB98C400BC68FD /* NSViewExtensions.swift */; };
		5F0987C029DBA77000BC68FD /* MainViewController.swift in Sources */ = {isa = PBXBuildFile; fileRef = 5F0987BF29DBA77000BC68FD /* MainViewController.swift */; };
		5F0987C229DBA77800BC68FD /* MainViewController.xib in Resources */ = {isa = PBXBuildFile; fileRef = 5F0987C129DBA77800BC68FD /* MainViewController.xib */; };
		5F0987C629DBA7A900BC68FD /* NMainViewController.xib in Resources */ = {isa = PBXBuildFile; fileRef = 5F0987C429DBA7A900BC68FD /* NMainViewController.xib */; };
		5F0987C729DBA7A900BC68FD /* NMainViewController.swift in Sources */ = {isa = PBXBuildFile; fileRef = 5F0987C529DBA7A900BC68FD /* NMainViewController.swift */; };
		5F0987CB29DBA9F900BC68FD /* HomeViewController.swift in Sources */ = {isa = PBXBuildFile; fileRef = 5F0987CA29DBA9F900BC68FD /* HomeViewController.swift */; };
		5F0987CD29DBAA0000BC68FD /* HomeViewController.xib in Resources */ = {isa = PBXBuildFile; fileRef = 5F0987CC29DBAA0000BC68FD /* HomeViewController.xib */; };
/* End PBXBuildFile section */

/* Begin PBXContainerItemProxy section */
		5F09879A29DB8BE600BC68FD /* PBXContainerItemProxy */ = {
			isa = PBXContainerItemProxy;
			containerPortal = 5F09877829DB8BE400BC68FD /* Project object */;
			proxyType = 1;
			remoteGlobalIDString = 5F09877F29DB8BE400BC68FD;
			remoteInfo = IChef;
		};
		5F0987A429DB8BE600BC68FD /* PBXContainerItemProxy */ = {
			isa = PBXContainerItemProxy;
			containerPortal = 5F09877829DB8BE400BC68FD /* Project object */;
			proxyType = 1;
			remoteGlobalIDString = 5F09877F29DB8BE400BC68FD;
			remoteInfo = IChef;
		};
/* End PBXContainerItemProxy section */

/* Begin PBXFileReference section */
		5F09878029DB8BE400BC68FD /* IChef.app */ = {isa = PBXFileReference; explicitFileType = wrapper.application; includeInIndex = 0; path = IChef.app; sourceTree = BUILT_PRODUCTS_DIR; };
		5F09878329DB8BE400BC68FD /* AppDelegate.swift */ = {isa = PBXFileReference; lastKnownFileType = sourcecode.swift; path = AppDelegate.swift; sourceTree = "<group>"; };
		5F09878529DB8BE400BC68FD /* SceneDelegate.swift */ = {isa = PBXFileReference; lastKnownFileType = sourcecode.swift; path = SceneDelegate.swift; sourceTree = "<group>"; };
		5F09878729DB8BE400BC68FD /* ViewController.swift */ = {isa = PBXFileReference; lastKnownFileType = sourcecode.swift; path = ViewController.swift; sourceTree = "<group>"; };
		5F09878A29DB8BE400BC68FD /* Base */ = {isa = PBXFileReference; lastKnownFileType = file.storyboard; name = Base; path = Base.lproj/Main.storyboard; sourceTree = "<group>"; };
		5F09878D29DB8BE400BC68FD /* IChef.xcdatamodel */ = {isa = PBXFileReference; lastKnownFileType = wrapper.xcdatamodel; path = IChef.xcdatamodel; sourceTree = "<group>"; };
		5F09878F29DB8BE500BC68FD /* Assets.xcassets */ = {isa = PBXFileReference; lastKnownFileType = folder.assetcatalog; path = Assets.xcassets; sourceTree = "<group>"; };
		5F09879229DB8BE500BC68FD /* Base */ = {isa = PBXFileReference; lastKnownFileType = file.storyboard; name = Base; path = Base.lproj/LaunchScreen.storyboard; sourceTree = "<group>"; };
		5F09879429DB8BE500BC68FD /* Info.plist */ = {isa = PBXFileReference; lastKnownFileType = text.plist.xml; path = Info.plist; sourceTree = "<group>"; };
		5F09879929DB8BE600BC68FD /* IChefTests.xctest */ = {isa = PBXFileReference; explicitFileType = wrapper.cfbundle; includeInIndex = 0; path = IChefTests.xctest; sourceTree = BUILT_PRODUCTS_DIR; };
		5F09879D29DB8BE600BC68FD /* IChefTests.swift */ = {isa = PBXFileReference; lastKnownFileType = sourcecode.swift; path = IChefTests.swift; sourceTree = "<group>"; };
		5F0987A329DB8BE600BC68FD /* IChefUITests.xctest */ = {isa = PBXFileReference; explicitFileType = wrapper.cfbundle; includeInIndex = 0; path = IChefUITests.xctest; sourceTree = BUILT_PRODUCTS_DIR; };
		5F0987A729DB8BE600BC68FD /* IChefUITests.swift */ = {isa = PBXFileReference; lastKnownFileType = sourcecode.swift; path = IChefUITests.swift; sourceTree = "<group>"; };
		5F0987A929DB8BE600BC68FD /* IChefUITestsLaunchTests.swift */ = {isa = PBXFileReference; lastKnownFileType = sourcecode.swift; path = IChefUITestsLaunchTests.swift; sourceTree = "<group>"; };
		5F0987BC29DB98C400BC68FD /* NSViewExtensions.swift */ = {isa = PBXFileReference; fileEncoding = 4; lastKnownFileType = sourcecode.swift; path = NSViewExtensions.swift; sourceTree = "<group>"; };
		5F0987BF29DBA77000BC68FD /* MainViewController.swift */ = {isa = PBXFileReference; fileEncoding = 4; lastKnownFileType = sourcecode.swift; path = MainViewController.swift; sourceTree = "<group>"; };
		5F0987C129DBA77800BC68FD /* MainViewController.xib */ = {isa = PBXFileReference; fileEncoding = 4; lastKnownFileType = file.xib; path = MainViewController.xib; sourceTree = "<group>"; };
		5F0987C429DBA7A900BC68FD /* NMainViewController.xib */ = {isa = PBXFileReference; fileEncoding = 4; lastKnownFileType = file.xib; path = NMainViewController.xib; sourceTree = "<group>"; };
		5F0987C529DBA7A900BC68FD /* NMainViewController.swift */ = {isa = PBXFileReference; fileEncoding = 4; lastKnownFileType = sourcecode.swift; path = NMainViewController.swift; sourceTree = "<group>"; };
		5F0987CA29DBA9F900BC68FD /* HomeViewController.swift */ = {isa = PBXFileReference; lastKnownFileType = sourcecode.swift; path = HomeViewController.swift; sourceTree = "<group>"; };
		5F0987CC29DBAA0000BC68FD /* HomeViewController.xib */ = {isa = PBXFileReference; lastKnownFileType = file.xib; path = HomeViewController.xib; sourceTree = "<group>"; };
/* End PBXFileReference section */

/* Begin PBXFrameworksBuildPhase section */
		5F09877D29DB8BE400BC68FD /* Frameworks */ = {
			isa = PBXFrameworksBuildPhase;
			buildActionMask = 2147483647;
			files = (
			);
			runOnlyForDeploymentPostprocessing = 0;
		};
		5F09879629DB8BE600BC68FD /* Frameworks */ = {
			isa = PBXFrameworksBuildPhase;
			buildActionMask = 2147483647;
			files = (
			);
			runOnlyForDeploymentPostprocessing = 0;
		};
		5F0987A029DB8BE600BC68FD /* Frameworks */ = {
			isa = PBXFrameworksBuildPhase;
			buildActionMask = 2147483647;
			files = (
			);
			runOnlyForDeploymentPostprocessing = 0;
		};
/* End PBXFrameworksBuildPhase section */

/* Begin PBXGroup section */
		5F09877729DB8BE400BC68FD = {
			isa = PBXGroup;
			children = (
				5F09878229DB8BE400BC68FD /* IChef */,
				5F09879C29DB8BE600BC68FD /* IChefTests */,
				5F0987A629DB8BE600BC68FD /* IChefUITests */,
				5F09878129DB8BE400BC68FD /* Products */,
			);
			sourceTree = "<group>";
		};
		5F09878129DB8BE400BC68FD /* Products */ = {
			isa = PBXGroup;
			children = (
				5F09878029DB8BE400BC68FD /* IChef.app */,
				5F09879929DB8BE600BC68FD /* IChefTests.xctest */,
				5F0987A329DB8BE600BC68FD /* IChefUITests.xctest */,
			);
			name = Products;
			sourceTree = "<group>";
		};
		5F09878229DB8BE400BC68FD /* IChef */ = {
			isa = PBXGroup;
			children = (
				5F0987BB29DB985B00BC68FD /* util */,
				5F0987B629DB8CAB00BC68FD /* ui */,
				5F09878329DB8BE400BC68FD /* AppDelegate.swift */,
				5F09878529DB8BE400BC68FD /* SceneDelegate.swift */,
				5F09878729DB8BE400BC68FD /* ViewController.swift */,
				5F09878929DB8BE400BC68FD /* Main.storyboard */,
				5F09878F29DB8BE500BC68FD /* Assets.xcassets */,
				5F09879129DB8BE500BC68FD /* LaunchScreen.storyboard */,
				5F09879429DB8BE500BC68FD /* Info.plist */,
				5F09878C29DB8BE400BC68FD /* IChef.xcdatamodeld */,
			);
			path = IChef;
			sourceTree = "<group>";
		};
		5F09879C29DB8BE600BC68FD /* IChefTests */ = {
			isa = PBXGroup;
			children = (
				5F09879D29DB8BE600BC68FD /* IChefTests.swift */,
			);
			path = IChefTests;
			sourceTree = "<group>";
		};
		5F0987A629DB8BE600BC68FD /* IChefUITests */ = {
			isa = PBXGroup;
			children = (
				5F0987A729DB8BE600BC68FD /* IChefUITests.swift */,
				5F0987A929DB8BE600BC68FD /* IChefUITestsLaunchTests.swift */,
			);
			path = IChefUITests;
			sourceTree = "<group>";
		};
		5F0987B629DB8CAB00BC68FD /* ui */ = {
			isa = PBXGroup;
			children = (
				5F0987C929DBA9DA00BC68FD /* home */,
				5F0987C329DBA79100BC68FD /* maintwo */,
				5F0987BE29DBA75700BC68FD /* mainone */,
			);
			path = ui;
			sourceTree = "<group>";
		};
		5F0987BB29DB985B00BC68FD /* util */ = {
			isa = PBXGroup;
			children = (
				5F0987BC29DB98C400BC68FD /* NSViewExtensions.swift */,
			);
			path = util;
			sourceTree = "<group>";
		};
		5F0987BE29DBA75700BC68FD /* mainone */ = {
			isa = PBXGroup;
			children = (
				5F0987C129DBA77800BC68FD /* MainViewController.xib */,
				5F0987BF29DBA77000BC68FD /* MainViewController.swift */,
			);
			path = mainone;
			sourceTree = "<group>";
		};
		5F0987C329DBA79100BC68FD /* maintwo */ = {
			isa = PBXGroup;
			children = (
				5F0987C529DBA7A900BC68FD /* NMainViewController.swift */,
				5F0987C429DBA7A900BC68FD /* NMainViewController.xib */,
			);
			path = maintwo;
			sourceTree = "<group>";
		};
		5F0987C929DBA9DA00BC68FD /* home */ = {
			isa = PBXGroup;
			children = (
				5F0987CA29DBA9F900BC68FD /* HomeViewController.swift */,
				5F0987CC29DBAA0000BC68FD /* HomeViewController.xib */,
			);
			path = home;
			sourceTree = "<group>";
		};
/* End PBXGroup section */

/* Begin PBXNativeTarget section */
		5F09877F29DB8BE400BC68FD /* IChef */ = {
			isa = PBXNativeTarget;
			buildConfigurationList = 5F0987AD29DB8BE600BC68FD /* Build configuration list for PBXNativeTarget "IChef" */;
			buildPhases = (
				5F09877C29DB8BE400BC68FD /* Sources */,
				5F09877D29DB8BE400BC68FD /* Frameworks */,
				5F09877E29DB8BE400BC68FD /* Resources */,
			);
			buildRules = (
			);
			dependencies = (
			);
			name = IChef;
			productName = IChef;
			productReference = 5F09878029DB8BE400BC68FD /* IChef.app */;
			productType = "com.apple.product-type.application";
		};
		5F09879829DB8BE600BC68FD /* IChefTests */ = {
			isa = PBXNativeTarget;
			buildConfigurationList = 5F0987B029DB8BE600BC68FD /* Build configuration list for PBXNativeTarget "IChefTests" */;
			buildPhases = (
				5F09879529DB8BE600BC68FD /* Sources */,
				5F09879629DB8BE600BC68FD /* Frameworks */,
				5F09879729DB8BE600BC68FD /* Resources */,
			);
			buildRules = (
			);
			dependencies = (
				5F09879B29DB8BE600BC68FD /* PBXTargetDependency */,
			);
			name = IChefTests;
			productName = IChefTests;
			productReference = 5F09879929DB8BE600BC68FD /* IChefTests.xctest */;
			productType = "com.apple.product-type.bundle.unit-test";
		};
		5F0987A229DB8BE600BC68FD /* IChefUITests */ = {
			isa = PBXNativeTarget;
			buildConfigurationList = 5F0987B329DB8BE600BC68FD /* Build configuration list for PBXNativeTarget "IChefUITests" */;
			buildPhases = (
				5F09879F29DB8BE600BC68FD /* Sources */,
				5F0987A029DB8BE600BC68FD /* Frameworks */,
				5F0987A129DB8BE600BC68FD /* Resources */,
			);
			buildRules = (
			);
			dependencies = (
				5F0987A529DB8BE600BC68FD /* PBXTargetDependency */,
			);
			name = IChefUITests;
			productName = IChefUITests;
			productReference = 5F0987A329DB8BE600BC68FD /* IChefUITests.xctest */;
			productType = "com.apple.product-type.bundle.ui-testing";
		};
/* End PBXNativeTarget section */

/* Begin PBXProject section */
		5F09877829DB8BE400BC68FD /* Project object */ = {
			isa = PBXProject;
			attributes = {
				BuildIndependentTargetsInParallel = 1;
				LastSwiftUpdateCheck = 1410;
				LastUpgradeCheck = 1410;
				TargetAttributes = {
					5F09877F29DB8BE400BC68FD = {
						CreatedOnToolsVersion = 14.1;
					};
					5F09879829DB8BE600BC68FD = {
						CreatedOnToolsVersion = 14.1;
						TestTargetID = 5F09877F29DB8BE400BC68FD;
					};
					5F0987A229DB8BE600BC68FD = {
						CreatedOnToolsVersion = 14.1;
						TestTargetID = 5F09877F29DB8BE400BC68FD;
					};
				};
			};
			buildConfigurationList = 5F09877B29DB8BE400BC68FD /* Build configuration list for PBXProject "IChef" */;
			compatibilityVersion = "Xcode 14.0";
			developmentRegion = en;
			hasScannedForEncodings = 0;
			knownRegions = (
				en,
				Base,
			);
			mainGroup = 5F09877729DB8BE400BC68FD;
			productRefGroup = 5F09878129DB8BE400BC68FD /* Products */;
			projectDirPath = "";
			projectRoot = "";
			targets = (
				5F09877F29DB8BE400BC68FD /* IChef */,
				5F09879829DB8BE600BC68FD /* IChefTests */,
				5F0987A229DB8BE600BC68FD /* IChefUITests */,
			);
		};
/* End PBXProject section */

/* Begin PBXResourcesBuildPhase section */
		5F09877E29DB8BE400BC68FD /* Resources */ = {
			isa = PBXResourcesBuildPhase;
			buildActionMask = 2147483647;
			files = (
				5F09879329DB8BE500BC68FD /* LaunchScreen.storyboard in Resources */,
				5F0987C629DBA7A900BC68FD /* NMainViewController.xib in Resources */,
				5F09879029DB8BE500BC68FD /* Assets.xcassets in Resources */,
				5F0987C229DBA77800BC68FD /* MainViewController.xib in Resources */,
				5F09878B29DB8BE400BC68FD /* Main.storyboard in Resources */,
				5F0987CD29DBAA0000BC68FD /* HomeViewController.xib in Resources */,
			);
			runOnlyForDeploymentPostprocessing = 0;
		};
		5F09879729DB8BE600BC68FD /* Resources */ = {
			isa = PBXResourcesBuildPhase;
			buildActionMask = 2147483647;
			files = (
			);
			runOnlyForDeploymentPostprocessing = 0;
		};
		5F0987A129DB8BE600BC68FD /* Resources */ = {
			isa = PBXResourcesBuildPhase;
			buildActionMask = 2147483647;
			files = (
			);
			runOnlyForDeploymentPostprocessing = 0;
		};
/* End PBXResourcesBuildPhase section */

/* Begin PBXSourcesBuildPhase section */
		5F09877C29DB8BE400BC68FD /* Sources */ = {
			isa = PBXSourcesBuildPhase;
			buildActionMask = 2147483647;
			files = (
				5F0987C029DBA77000BC68FD /* MainViewController.swift in Sources */,
				5F09878829DB8BE400BC68FD /* ViewController.swift in Sources */,
				5F0987BD29DB98C400BC68FD /* NSViewExtensions.swift in Sources */,
				5F0987CB29DBA9F900BC68FD /* HomeViewController.swift in Sources */,
				5F09878E29DB8BE400BC68FD /* IChef.xcdatamodeld in Sources */,
				5F09878429DB8BE400BC68FD /* AppDelegate.swift in Sources */,
				5F0987C729DBA7A900BC68FD /* NMainViewController.swift in Sources */,
				5F09878629DB8BE400BC68FD /* SceneDelegate.swift in Sources */,
			);
			runOnlyForDeploymentPostprocessing = 0;
		};
		5F09879529DB8BE600BC68FD /* Sources */ = {
			isa = PBXSourcesBuildPhase;
			buildActionMask = 2147483647;
			files = (
				5F09879E29DB8BE600BC68FD /* IChefTests.swift in Sources */,
			);
			runOnlyForDeploymentPostprocessing = 0;
		};
		5F09879F29DB8BE600BC68FD /* Sources */ = {
			isa = PBXSourcesBuildPhase;
			buildActionMask = 2147483647;
			files = (
				5F0987AA29DB8BE600BC68FD /* IChefUITestsLaunchTests.swift in Sources */,
				5F0987A829DB8BE600BC68FD /* IChefUITests.swift in Sources */,
			);
			runOnlyForDeploymentPostprocessing = 0;
		};
/* End PBXSourcesBuildPhase section */

/* Begin PBXTargetDependency section */
		5F09879B29DB8BE600BC68FD /* PBXTargetDependency */ = {
			isa = PBXTargetDependency;
			target = 5F09877F29DB8BE400BC68FD /* IChef */;
			targetProxy = 5F09879A29DB8BE600BC68FD /* PBXContainerItemProxy */;
		};
		5F0987A529DB8BE600BC68FD /* PBXTargetDependency */ = {
			isa = PBXTargetDependency;
			target = 5F09877F29DB8BE400BC68FD /* IChef */;
			targetProxy = 5F0987A429DB8BE600BC68FD /* PBXContainerItemProxy */;
		};
/* End PBXTargetDependency section */

/* Begin PBXVariantGroup section */
		5F09878929DB8BE400BC68FD /* Main.storyboard */ = {
			isa = PBXVariantGroup;
			children = (
				5F09878A29DB8BE400BC68FD /* Base */,
			);
			name = Main.storyboard;
			sourceTree = "<group>";
		};
		5F09879129DB8BE500BC68FD /* LaunchScreen.storyboard */ = {
			isa = PBXVariantGroup;
			children = (
				5F09879229DB8BE500BC68FD /* Base */,
			);
			name = LaunchScreen.storyboard;
			sourceTree = "<group>";
		};
/* End PBXVariantGroup section */

/* Begin XCBuildConfiguration section */
		5F0987AB29DB8BE600BC68FD /* Debug */ = {
			isa = XCBuildConfiguration;
			buildSettings = {
				ALWAYS_SEARCH_USER_PATHS = NO;
				CLANG_ANALYZER_NONNULL = YES;
				CLANG_ANALYZER_NUMBER_OBJECT_CONVERSION = YES_AGGRESSIVE;
				CLANG_CXX_LANGUAGE_STANDARD = "gnu++20";
				CLANG_ENABLE_MODULES = YES;
				CLANG_ENABLE_OBJC_ARC = YES;
				CLANG_ENABLE_OBJC_WEAK = YES;
				CLANG_WARN_BLOCK_CAPTURE_AUTORELEASING = YES;
				CLANG_WARN_BOOL_CONVERSION = YES;
				CLANG_WARN_COMMA = YES;
				CLANG_WARN_CONSTANT_CONVERSION = YES;
				CLANG_WARN_DEPRECATED_OBJC_IMPLEMENTATIONS = YES;
				CLANG_WARN_DIRECT_OBJC_ISA_USAGE = YES_ERROR;
				CLANG_WARN_DOCUMENTATION_COMMENTS = YES;
				CLANG_WARN_EMPTY_BODY = YES;
				CLANG_WARN_ENUM_CONVERSION = YES;
				CLANG_WARN_INFINITE_RECURSION = YES;
				CLANG_WARN_INT_CONVERSION = YES;
				CLANG_WARN_NON_LITERAL_NULL_CONVERSION = YES;
				CLANG_WARN_OBJC_IMPLICIT_RETAIN_SELF = YES;
				CLANG_WARN_OBJC_LITERAL_CONVERSION = YES;
				CLANG_WARN_OBJC_ROOT_CLASS = YES_ERROR;
				CLANG_WARN_QUOTED_INCLUDE_IN_FRAMEWORK_HEADER = YES;
				CLANG_WARN_RANGE_LOOP_ANALYSIS = YES;
				CLANG_WARN_STRICT_PROTOTYPES = YES;
				CLANG_WARN_SUSPICIOUS_MOVE = YES;
				CLANG_WARN_UNGUARDED_AVAILABILITY = YES_AGGRESSIVE;
				CLANG_WARN_UNREACHABLE_CODE = YES;
				CLANG_WARN__DUPLICATE_METHOD_MATCH = YES;
				COPY_PHASE_STRIP = NO;
				DEBUG_INFORMATION_FORMAT = dwarf;
				ENABLE_STRICT_OBJC_MSGSEND = YES;
				ENABLE_TESTABILITY = YES;
				GCC_C_LANGUAGE_STANDARD = gnu11;
				GCC_DYNAMIC_NO_PIC = NO;
				GCC_NO_COMMON_BLOCKS = YES;
				GCC_OPTIMIZATION_LEVEL = 0;
				GCC_PREPROCESSOR_DEFINITIONS = (
					"DEBUG=1",
					"$(inherited)",
				);
				GCC_WARN_64_TO_32_BIT_CONVERSION = YES;
				GCC_WARN_ABOUT_RETURN_TYPE = YES_ERROR;
				GCC_WARN_UNDECLARED_SELECTOR = YES;
				GCC_WARN_UNINITIALIZED_AUTOS = YES_AGGRESSIVE;
				GCC_WARN_UNUSED_FUNCTION = YES;
				GCC_WARN_UNUSED_VARIABLE = YES;
				IPHONEOS_DEPLOYMENT_TARGET = 16.1;
				MTL_ENABLE_DEBUG_INFO = INCLUDE_SOURCE;
				MTL_FAST_MATH = YES;
				ONLY_ACTIVE_ARCH = YES;
				SDKROOT = iphoneos;
				SWIFT_ACTIVE_COMPILATION_CONDITIONS = DEBUG;
				SWIFT_OPTIMIZATION_LEVEL = "-Onone";
			};
			name = Debug;
		};
		5F0987AC29DB8BE600BC68FD /* Release */ = {
			isa = XCBuildConfiguration;
			buildSettings = {
				ALWAYS_SEARCH_USER_PATHS = NO;
				CLANG_ANALYZER_NONNULL = YES;
				CLANG_ANALYZER_NUMBER_OBJECT_CONVERSION = YES_AGGRESSIVE;
				CLANG_CXX_LANGUAGE_STANDARD = "gnu++20";
				CLANG_ENABLE_MODULES = YES;
				CLANG_ENABLE_OBJC_ARC = YES;
				CLANG_ENABLE_OBJC_WEAK = YES;
				CLANG_WARN_BLOCK_CAPTURE_AUTORELEASING = YES;
				CLANG_WARN_BOOL_CONVERSION = YES;
				CLANG_WARN_COMMA = YES;
				CLANG_WARN_CONSTANT_CONVERSION = YES;
				CLANG_WARN_DEPRECATED_OBJC_IMPLEMENTATIONS = YES;
				CLANG_WARN_DIRECT_OBJC_ISA_USAGE = YES_ERROR;
				CLANG_WARN_DOCUMENTATION_COMMENTS = YES;
				CLANG_WARN_EMPTY_BODY = YES;
				CLANG_WARN_ENUM_CONVERSION = YES;
				CLANG_WARN_INFINITE_RECURSION = YES;
				CLANG_WARN_INT_CONVERSION = YES;
				CLANG_WARN_NON_LITERAL_NULL_CONVERSION = YES;
				CLANG_WARN_OBJC_IMPLICIT_RETAIN_SELF = YES;
				CLANG_WARN_OBJC_LITERAL_CONVERSION = YES;
				CLANG_WARN_OBJC_ROOT_CLASS = YES_ERROR;
				CLANG_WARN_QUOTED_INCLUDE_IN_FRAMEWORK_HEADER = YES;
				CLANG_WARN_RANGE_LOOP_ANALYSIS = YES;
				CLANG_WARN_STRICT_PROTOTYPES = YES;
				CLANG_WARN_SUSPICIOUS_MOVE = YES;
				CLANG_WARN_UNGUARDED_AVAILABILITY = YES_AGGRESSIVE;
				CLANG_WARN_UNREACHABLE_CODE = YES;
				CLANG_WARN__DUPLICATE_METHOD_MATCH = YES;
				COPY_PHASE_STRIP = NO;
				DEBUG_INFORMATION_FORMAT = "dwarf-with-dsym";
				ENABLE_NS_ASSERTIONS = NO;
				ENABLE_STRICT_OBJC_MSGSEND = YES;
				GCC_C_LANGUAGE_STANDARD = gnu11;
				GCC_NO_COMMON_BLOCKS = YES;
				GCC_WARN_64_TO_32_BIT_CONVERSION = YES;
				GCC_WARN_ABOUT_RETURN_TYPE = YES_ERROR;
				GCC_WARN_UNDECLARED_SELECTOR = YES;
				GCC_WARN_UNINITIALIZED_AUTOS = YES_AGGRESSIVE;
				GCC_WARN_UNUSED_FUNCTION = YES;
				GCC_WARN_UNUSED_VARIABLE = YES;
				IPHONEOS_DEPLOYMENT_TARGET = 16.1;
				MTL_ENABLE_DEBUG_INFO = NO;
				MTL_FAST_MATH = YES;
				SDKROOT = iphoneos;
				SWIFT_COMPILATION_MODE = wholemodule;
				SWIFT_OPTIMIZATION_LEVEL = "-O";
				VALIDATE_PRODUCT = YES;
			};
			name = Release;
		};
		5F0987AE29DB8BE600BC68FD /* Debug */ = {
			isa = XCBuildConfiguration;
			buildSettings = {
				ASSETCATALOG_COMPILER_APPICON_NAME = AppIcon;
				ASSETCATALOG_COMPILER_GLOBAL_ACCENT_COLOR_NAME = AccentColor;
				CODE_SIGN_STYLE = Automatic;
				CURRENT_PROJECT_VERSION = 1;
				DEVELOPMENT_TEAM = 7D53LXDPCN;
				GENERATE_INFOPLIST_FILE = YES;
				INFOPLIST_FILE = IChef/Info.plist;
				INFOPLIST_KEY_UIApplicationSupportsIndirectInputEvents = YES;
				INFOPLIST_KEY_UILaunchStoryboardName = LaunchScreen;
				INFOPLIST_KEY_UIMainStoryboardFile = Main;
				INFOPLIST_KEY_UISupportedInterfaceOrientations_iPad = "UIInterfaceOrientationPortrait UIInterfaceOrientationPortraitUpsideDown UIInterfaceOrientationLandscapeLeft UIInterfaceOrientationLandscapeRight";
				INFOPLIST_KEY_UISupportedInterfaceOrientations_iPhone = "UIInterfaceOrientationPortrait UIInterfaceOrientationLandscapeLeft UIInterfaceOrientationLandscapeRight";
				LD_RUNPATH_SEARCH_PATHS = (
					"$(inherited)",
					"@executable_path/Frameworks",
				);
				MARKETING_VERSION = 1.0;
				PRODUCT_BUNDLE_IDENTIFIER = com.tabajara.IChef;
				PRODUCT_NAME = "$(TARGET_NAME)";
				SWIFT_EMIT_LOC_STRINGS = YES;
				SWIFT_VERSION = 5.0;
				TARGETED_DEVICE_FAMILY = "1,2";
			};
			name = Debug;
		};
		5F0987AF29DB8BE600BC68FD /* Release */ = {
			isa = XCBuildConfiguration;
			buildSettings = {
				ASSETCATALOG_COMPILER_APPICON_NAME = AppIcon;
				ASSETCATALOG_COMPILER_GLOBAL_ACCENT_COLOR_NAME = AccentColor;
				CODE_SIGN_STYLE = Automatic;
				CURRENT_PROJECT_VERSION = 1;
				DEVELOPMENT_TEAM = 7D53LXDPCN;
				GENERATE_INFOPLIST_FILE = YES;
				INFOPLIST_FILE = IChef/Info.plist;
				INFOPLIST_KEY_UIApplicationSupportsIndirectInputEvents = YES;
				INFOPLIST_KEY_UILaunchStoryboardName = LaunchScreen;
				INFOPLIST_KEY_UIMainStoryboardFile = Main;
				INFOPLIST_KEY_UISupportedInterfaceOrientations_iPad = "UIInterfaceOrientationPortrait UIInterfaceOrientationPortraitUpsideDown UIInterfaceOrientationLandscapeLeft UIInterfaceOrientationLandscapeRight";
				INFOPLIST_KEY_UISupportedInterfaceOrientations_iPhone = "UIInterfaceOrientationPortrait UIInterfaceOrientationLandscapeLeft UIInterfaceOrientationLandscapeRight";
				LD_RUNPATH_SEARCH_PATHS = (
					"$(inherited)",
					"@executable_path/Frameworks",
				);
				MARKETING_VERSION = 1.0;
				PRODUCT_BUNDLE_IDENTIFIER = com.tabajara.IChef;
				PRODUCT_NAME = "$(TARGET_NAME)";
				SWIFT_EMIT_LOC_STRINGS = YES;
				SWIFT_VERSION = 5.0;
				TARGETED_DEVICE_FAMILY = "1,2";
			};
			name = Release;
		};
		5F0987B129DB8BE600BC68FD /* Debug */ = {
			isa = XCBuildConfiguration;
			buildSettings = {
				ALWAYS_EMBED_SWIFT_STANDARD_LIBRARIES = YES;
				BUNDLE_LOADER = "$(TEST_HOST)";
				CODE_SIGN_STYLE = Automatic;
				CURRENT_PROJECT_VERSION = 1;
				DEVELOPMENT_TEAM = 3QR5932KS7;
				GENERATE_INFOPLIST_FILE = YES;
				IPHONEOS_DEPLOYMENT_TARGET = 16.1;
				MARKETING_VERSION = 1.0;
				PRODUCT_BUNDLE_IDENTIFIER = com.tabajara.IChefTests;
				PRODUCT_NAME = "$(TARGET_NAME)";
				SWIFT_EMIT_LOC_STRINGS = NO;
				SWIFT_VERSION = 5.0;
				TARGETED_DEVICE_FAMILY = "1,2";
				TEST_HOST = "$(BUILT_PRODUCTS_DIR)/IChef.app/$(BUNDLE_EXECUTABLE_FOLDER_PATH)/IChef";
			};
			name = Debug;
		};
		5F0987B229DB8BE600BC68FD /* Release */ = {
			isa = XCBuildConfiguration;
			buildSettings = {
				ALWAYS_EMBED_SWIFT_STANDARD_LIBRARIES = YES;
				BUNDLE_LOADER = "$(TEST_HOST)";
				CODE_SIGN_STYLE = Automatic;
				CURRENT_PROJECT_VERSION = 1;
				DEVELOPMENT_TEAM = 3QR5932KS7;
				GENERATE_INFOPLIST_FILE = YES;
				IPHONEOS_DEPLOYMENT_TARGET = 16.1;
				MARKETING_VERSION = 1.0;
				PRODUCT_BUNDLE_IDENTIFIER = com.tabajara.IChefTests;
				PRODUCT_NAME = "$(TARGET_NAME)";
				SWIFT_EMIT_LOC_STRINGS = NO;
				SWIFT_VERSION = 5.0;
				TARGETED_DEVICE_FAMILY = "1,2";
				TEST_HOST = "$(BUILT_PRODUCTS_DIR)/IChef.app/$(BUNDLE_EXECUTABLE_FOLDER_PATH)/IChef";
			};
			name = Release;
		};
		5F0987B429DB8BE600BC68FD /* Debug */ = {
			isa = XCBuildConfiguration;
			buildSettings = {
				ALWAYS_EMBED_SWIFT_STANDARD_LIBRARIES = YES;
				CODE_SIGN_STYLE = Automatic;
				CURRENT_PROJECT_VERSION = 1;
				DEVELOPMENT_TEAM = 3QR5932KS7;
				GENERATE_INFOPLIST_FILE = YES;
				MARKETING_VERSION = 1.0;
				PRODUCT_BUNDLE_IDENTIFIER = com.tabajara.IChefUITests;
				PRODUCT_NAME = "$(TARGET_NAME)";
				SWIFT_EMIT_LOC_STRINGS = NO;
				SWIFT_VERSION = 5.0;
				TARGETED_DEVICE_FAMILY = "1,2";
				TEST_TARGET_NAME = IChef;
			};
			name = Debug;
		};
		5F0987B529DB8BE600BC68FD /* Release */ = {
			isa = XCBuildConfiguration;
			buildSettings = {
				ALWAYS_EMBED_SWIFT_STANDARD_LIBRARIES = YES;
				CODE_SIGN_STYLE = Automatic;
				CURRENT_PROJECT_VERSION = 1;
				DEVELOPMENT_TEAM = 3QR5932KS7;
				GENERATE_INFOPLIST_FILE = YES;
				MARKETING_VERSION = 1.0;
				PRODUCT_BUNDLE_IDENTIFIER = com.tabajara.IChefUITests;
				PRODUCT_NAME = "$(TARGET_NAME)";
				SWIFT_EMIT_LOC_STRINGS = NO;
				SWIFT_VERSION = 5.0;
				TARGETED_DEVICE_FAMILY = "1,2";
				TEST_TARGET_NAME = IChef;
			};
			name = Release;
		};
/* End XCBuildConfiguration section */

/* Begin XCConfigurationList section */
		5F09877B29DB8BE400BC68FD /* Build configuration list for PBXProject "IChef" */ = {
			isa = XCConfigurationList;
			buildConfigurations = (
				5F0987AB29DB8BE600BC68FD /* Debug */,
				5F0987AC29DB8BE600BC68FD /* Release */,
			);
			defaultConfigurationIsVisible = 0;
			defaultConfigurationName = Release;
		};
		5F0987AD29DB8BE600BC68FD /* Build configuration list for PBXNativeTarget "IChef" */ = {
			isa = XCConfigurationList;
			buildConfigurations = (
				5F0987AE29DB8BE600BC68FD /* Debug */,
				5F0987AF29DB8BE600BC68FD /* Release */,
			);
			defaultConfigurationIsVisible = 0;
			defaultConfigurationName = Release;
		};
		5F0987B029DB8BE600BC68FD /* Build configuration list for PBXNativeTarget "IChefTests" */ = {
			isa = XCConfigurationList;
			buildConfigurations = (
				5F0987B129DB8BE600BC68FD /* Debug */,
				5F0987B229DB8BE600BC68FD /* Release */,
			);
			defaultConfigurationIsVisible = 0;
			defaultConfigurationName = Release;
		};
		5F0987B329DB8BE600BC68FD /* Build configuration list for PBXNativeTarget "IChefUITests" */ = {
			isa = XCConfigurationList;
			buildConfigurations = (
				5F0987B429DB8BE600BC68FD /* Debug */,
				5F0987B529DB8BE600BC68FD /* Release */,
			);
			defaultConfigurationIsVisible = 0;
			defaultConfigurationName = Release;
		};
/* End XCConfigurationList section */

/* Begin XCVersionGroup section */
		5F09878C29DB8BE400BC68FD /* IChef.xcdatamodeld */ = {
			isa = XCVersionGroup;
			children = (
				5F09878D29DB8BE400BC68FD /* IChef.xcdatamodel */,
			);
			currentVersion = 5F09878D29DB8BE400BC68FD /* IChef.xcdatamodel */;
			path = IChef.xcdatamodeld;
			sourceTree = "<group>";
			versionGroupType = wrapper.xcdatamodel;
		};
/* End XCVersionGroup section */
	};
	rootObject = 5F09877829DB8BE400BC68FD /* Project object */;
}
